
Microsoft Visual Studio Solution File, Format Version 12.00
# Visual Studio Version 17
VisualStudioVersion = 17.6.33723.286
MinimumVisualStudioVersion = 10.0.40219.1
Project("{FAE04EC0-301F-11D3-BF4B-00C04F79EFBC}") = "VXInstaller", "VXInstaller\VXInstaller.csproj", "{537435B1-A5AB-4431-9D96-9266D00DCFDA}"
EndProject
Global
	GlobalSection(SolutionConfigurationPlatforms) = preSolution
		Debug|Any CPU = Debug|Any CPU
		Release|Any CPU = Release|Any CPU
	EndGlobalSection
	GlobalSection(ProjectConfigurationPlatforms) = postSolution
		{537435B1-A5AB-4431-9D96-9266D00DCFDA}.Debug|Any CPU.ActiveCfg = Debug|Any CPU
		{537435B1-A5AB-4431-9D96-9266D00DCFDA}.Debug|Any CPU.Build.0 = Debug|Any CPU
		{537435B1-A5AB-4431-9D96-9266D00DCFDA}.Release|Any CPU.ActiveCfg = Release|Any CPU
		{537435B1-A5AB-4431-9D96-9266D00DCFDA}.Release|Any CPU.Build.0 = Release|Any CPU
	EndGlobalSection
	GlobalSection(SolutionProperties) = preSolution
		HideSolutionNode = FALSE
	EndGlobalSection
	GlobalSection(ExtensibilityGlobals) = postSolution
		SolutionGuid = {133CA811-B77D-415F-967C-584D958396D2}
	EndGlobalSection
EndGlobal
